{
  "name": "simulator",
  "version": "1.0.0",
  "lockfileVersion": 3,
  "requires": true,
  "packages": {
    "": {
      "name": "simulator",
      "version": "1.0.0",
      "license": "ISC",
      "dependencies": {
        "tplink-smarthome-simulator": "^5.0.1"
      },
      "devDependencies": {
        "typescript": "^5.4.4"
      }
    },
    "node_modules/debug": {
      "version": "4.3.4",
      "resolved": "https://registry.npmjs.org/debug/-/debug-4.3.4.tgz",
      "integrity": "sha512-PRWFHuSU3eDtQJPvnNY7Jcket1j0t5OuOsFzPPzsekD52Zl8qUfFIPEiswXqIvHWGVHOgX+7G/vCNNhehwxfkQ==",
      "dependencies": {
        "ms": "2.1.2"
      },
      "engines": {
        "node": ">=6.0"
      },
      "peerDependenciesMeta": {
        "supports-color": {
          "optional": true
        }
      }
    },
    "node_modules/jsonparse": {
      "version": "1.3.1",
      "resolved": "https://registry.npmjs.org/jsonparse/-/jsonparse-1.3.1.tgz",
      "integrity": "sha512-POQXvpdL69+CluYsillJ7SUhKvytYjW9vG/GKpnf+xP8UWgYEM/RaMzHHofbALDiKbbP1W8UEYmgGl39WkPZsg==",
      "engines": [
        "node >= 0.2.0"
      ]
    },
    "node_modules/lodash.defaultsdeep": {
      "version": "4.6.1",
      "resolved": "https://registry.npmjs.org/lodash.defaultsdeep/-/lodash.defaultsdeep-4.6.1.tgz",
      "integrity": "sha512-3j8wdDzYuWO3lM3Reg03MuQR957t287Rpcxp1njpEa8oDrikb+FwGdW3n+FELh/A6qib6yPit0j/pv9G/yeAqA=="
    },
    "node_modules/lodash.merge": {
      "version": "4.6.2",
      "resolved": "https://registry.npmjs.org/lodash.merge/-/lodash.merge-4.6.2.tgz",
      "integrity": "sha512-0KpjqXRVvrYyCsX1swR/XTK0va6VQkQM6MNo7PqW77ByjAhoARA8EfrP1N4+KlKj8YS0ZUCtRT/YUuhyYDujIQ=="
    },
    "node_modules/ms": {
      "version": "2.1.2",
      "resolved": "https://registry.npmjs.org/ms/-/ms-2.1.2.tgz",
      "integrity": "sha512-sGkPx+VjMtmA6MX27oA4FBFELFCZZ4S4XqeGOXCv68tT+jb3vk/RyaKWP0PTKyWtmLSM0b+adUTEvbs1PEaH2w=="
    },
    "node_modules/rxjs": {
      "version": "7.8.1",
      "resolved": "https://registry.npmjs.org/rxjs/-/rxjs-7.8.1.tgz",
      "integrity": "sha512-AA3TVj+0A2iuIoQkWEK/tqFjBq2j+6PO6Y0zJcvzLAFhEFIO3HL0vls9hWLncZbAAbK0mar7oZ4V079I/qPMxg==",
      "optional": true,
      "dependencies": {
        "tslib": "^2.1.0"
      }
    },
    "node_modules/tplink-smarthome-crypto": {
      "version": "4.0.0",
      "resolved": "https://registry.npmjs.org/tplink-smarthome-crypto/-/tplink-smarthome-crypto-4.0.0.tgz",
      "integrity": "sha512-sD8Qnh4ZRV8D7JK6nIxWum4Q3oEB53WUzmQSr7X6QlXAMy8fmf+u8HJh/FxVg/HaF7sfLbQIPOoNgd/dnNRDxQ==",
      "engines": {
        "node": ">=14"
      }
    },
    "node_modules/tplink-smarthome-simulator": {
      "version": "5.0.1",
      "resolved": "https://registry.npmjs.org/tplink-smarthome-simulator/-/tplink-smarthome-simulator-5.0.1.tgz",
      "integrity": "sha512-LqrcjBoou3pPxSQEZdHXcGuH3kLF5E1he6MYC4OUgteTGHt5yGtMIgklPIZRyaGLyvAVbzREMXklkRyI6RKVHQ==",
      "dependencies": {
        "debug": "^4.3.4",
        "jsonparse": "^1.3.1",
        "lodash.defaultsdeep": "^4.6.1",
        "lodash.merge": "^4.6.2",
        "tplink-smarthome-crypto": "^4.0.0",
        "typed-emitter": "^2.1.0"
      },
      "engines": {
        "node": ">=16"
      }
    },
    "node_modules/tslib": {
      "version": "2.6.2",
      "resolved": "https://registry.npmjs.org/tslib/-/tslib-2.6.2.tgz",
      "integrity": "sha512-AEYxH93jGFPn/a2iVAwW87VuUIkR1FVUKB77NwMF7nBTDkDrrT/Hpt/IrCJ0QXhW27jTBDcf5ZY7w6RiqTMw2Q==",
      "optional": true
    },
    "node_modules/typed-emitter": {
      "version": "2.1.0",
      "resolved": "https://registry.npmjs.org/typed-emitter/-/typed-emitter-2.1.0.tgz",
      "integrity": "sha512-g/KzbYKbH5C2vPkaXGu8DJlHrGKHLsM25Zg9WuC9pMGfuvT+X25tZQWo5fK1BjBm8+UrVE9LDCvaY0CQk+fXDA==",
      "optionalDependencies": {
        "rxjs": "*"
      }
    },
    "node_modules/typescript": {
      "version": "5.4.4",
      "resolved": "https://registry.npmjs.org/typescript/-/typescript-5.4.4.tgz",
      "integrity": "sha512-dGE2Vv8cpVvw28v8HCPqyb08EzbBURxDpuhJvTrusShUfGnhHBafDsLdS1EhhxyL6BJQE+2cT3dDPAv+MQ6oLw==",
      "dev": true,
      "bin": {
        "tsc": "bin/tsc",
        "tsserver": "bin/tsserver"
      },
      "engines": {
        "node": ">=14.17"
      }
    }
  }
}
